
Microsoft Visual Studio Solution File, Format Version 12.00
# Visual Studio Version 17
VisualStudioVersion = 17.8.34525.116
MinimumVisualStudioVersion = 10.0.40219.1
Project("{8BC9CEB8-8B4A-11D0-8D11-00A0C91BC942}") = "Lab_2", "Lab_2.vcxproj", "{AFD47898-90C6-422D-889D-EFF830F29642}"
EndProject
Global
	GlobalSection(SolutionConfigurationPlatforms) = preSolution
		Debug|x64 = Debug|x64
		Debug|x86 = Debug|x86
		Release|x64 = Release|x64
		Release|x86 = Release|x86
	EndGlobalSection
	GlobalSection(ProjectConfigurationPlatforms) = postSolution
		{AFD47898-90C6-422D-889D-EFF830F29642}.Debug|x64.ActiveCfg = Debug|x64
		{AFD47898-90C6-422D-889D-EFF830F29642}.Debug|x64.Build.0 = Debug|x64
		{AFD47898-90C6-422D-889D-EFF830F29642}.Debug|x86.ActiveCfg = Debug|Win32
		{AFD47898-90C6-422D-889D-EFF830F29642}.Debug|x86.Build.0 = Debug|Win32
		{AFD47898-90C6-422D-889D-EFF830F29642}.Release|x64.ActiveCfg = Release|x64
		{AFD47898-90C6-422D-889D-EFF830F29642}.Release|x64.Build.0 = Release|x64
		{AFD47898-90C6-422D-889D-EFF830F29642}.Release|x86.ActiveCfg = Release|Win32
		{AFD47898-90C6-422D-889D-EFF830F29642}.Release|x86.Build.0 = Release|Win32
	EndGlobalSection
	GlobalSection(SolutionProperties) = preSolution
		HideSolutionNode = FALSE
	EndGlobalSection
	GlobalSection(ExtensibilityGlobals) = postSolution
		SolutionGuid = {2A720DFF-CA7E-4B0A-AC90-EDFC4A2C0C65}
	EndGlobalSection
EndGlobal
